<?xml version="1.0" encoding="utf-8"?>
<Project ToolsVersion="4.0" xmlns="http://schemas.microsoft.com/developer/msbuild/2003">
  <ItemGroup>
    <ClCompile Include="main.cpp" />
    <ClCompile Include="engine\IFramework.cpp">
      <Filter>engine</Filter>
    </ClCompile>
    <ClCompile Include="engine\Helper.cpp">
      <Filter>engine</Filter>
    </ClCompile>
    <ClCompile Include="engine\directX\DescriptorHeap.cpp">
      <Filter>engine\directX</Filter>
    </ClCompile>
    <ClCompile Include="engine\directX\DirectXBase.cpp">
      <Filter>engine\directX</Filter>
    </ClCompile>
    <ClCompile Include="engine\directX\DirectXCommon.cpp">
      <Filter>engine\directX</Filter>
    </ClCompile>
    <ClCompile Include="math\EulerAngle.cpp">
      <Filter>math</Filter>
    </ClCompile>
    <ClCompile Include="math\MathUtil.cpp">
      <Filter>math</Filter>
    </ClCompile>
    <ClCompile Include="math\Matrix3.cpp">
      <Filter>math</Filter>
    </ClCompile>
    <ClCompile Include="math\Matrix4.cpp">
      <Filter>math</Filter>
    </ClCompile>
    <ClCompile Include="math\Quaternion.cpp">
      <Filter>math</Filter>
    </ClCompile>
    <ClCompile Include="math\Random.cpp">
      <Filter>math</Filter>
    </ClCompile>
    <ClCompile Include="math\Vector2.cpp">
      <Filter>math</Filter>
    </ClCompile>
    <ClCompile Include="math\Vector3.cpp">
      <Filter>math</Filter>
    </ClCompile>
    <ClCompile Include="math\Vector4.cpp">
      <Filter>math</Filter>
    </ClCompile>
    <ClCompile Include="engine\input\InputBase.cpp">
      <Filter>engine\input</Filter>
    </ClCompile>
    <ClCompile Include="engine\directX\Buffer.cpp">
      <Filter>engine\directX</Filter>
    </ClCompile>
    <ClCompile Include="engine\directX\PipelineState.cpp">
      <Filter>engine\directX</Filter>
    </ClCompile>
    <ClCompile Include="engine\graphics\RenderTexture.cpp">
      <Filter>engine\graphics</Filter>
    </ClCompile>
    <ClCompile Include="engine\graphics\Camera.cpp">
      <Filter>engine\graphics</Filter>
    </ClCompile>
    <ClCompile Include="engine\graphics\LineRenderer.cpp">
      <Filter>engine\graphics</Filter>
    </ClCompile>
    <ClCompile Include="engine\graphics\Model.cpp">
      <Filter>engine\graphics</Filter>
    </ClCompile>
    <ClCompile Include="engine\graphics\ModelBase.cpp">
      <Filter>engine\graphics</Filter>
    </ClCompile>
    <ClCompile Include="engine\graphics\ModelCamera.cpp">
      <Filter>engine\graphics</Filter>
    </ClCompile>
    <ClCompile Include="engine\graphics\Sprite.cpp">
      <Filter>engine\graphics</Filter>
    </ClCompile>
    <ClCompile Include="engine\graphics\SpriteBase.cpp">
      <Filter>engine\graphics</Filter>
    </ClCompile>
    <ClCompile Include="engine\graphics\Texture.cpp">
      <Filter>engine\graphics</Filter>
    </ClCompile>
    <ClCompile Include="engine\ImGuiWrapper.cpp">
      <Filter>engine</Filter>
    </ClCompile>
    <ClCompile Include="engine\Window.cpp">
      <Filter>engine</Filter>
    </ClCompile>
    <ClCompile Include="math\Transform.cpp">
      <Filter>math</Filter>
    </ClCompile>
    <ClCompile Include="game\Building.cpp">
      <Filter>game</Filter>
    </ClCompile>
    <ClCompile Include="game\Course.cpp">
      <Filter>game</Filter>
    </ClCompile>
    <ClCompile Include="game\CourseObj.cpp">
      <Filter>game</Filter>
    </ClCompile>
    <ClCompile Include="game\Enemy.cpp">
      <Filter>game</Filter>
    </ClCompile>
    <ClCompile Include="game\Game.cpp">
      <Filter>game</Filter>
    </ClCompile>
    <ClCompile Include="game\GameScene.cpp">
      <Filter>game</Filter>
    </ClCompile>
    <ClCompile Include="game\Player.cpp">
      <Filter>game</Filter>
    </ClCompile>
    <ClCompile Include="game\PlayerBullet.cpp">
      <Filter>game</Filter>
    </ClCompile>
    <ClCompile Include="engine\graphics\ResourceMgr.cpp">
      <Filter>engine\graphics</Filter>
    </ClCompile>
  </ItemGroup>
  <ItemGroup>
    <ClInclude Include="engine\Helper.h">
      <Filter>engine</Filter>
    </ClInclude>
    <ClInclude Include="engine\IFramework.h">
      <Filter>engine</Filter>
    </ClInclude>
    <ClInclude Include="engine\directX\DescriptorHeap.h">
      <Filter>engine\directX</Filter>
    </ClInclude>
    <ClInclude Include="engine\directX\DirectXBase.h">
      <Filter>engine\directX</Filter>
    </ClInclude>
    <ClInclude Include="engine\directX\DirectXCommon.h">
      <Filter>engine\directX</Filter>
    </ClInclude>
    <ClInclude Include="math\EulerAngle.h">
      <Filter>math</Filter>
    </ClInclude>
    <ClInclude Include="math\MathUtil.h">
      <Filter>math</Filter>
    </ClInclude>
    <ClInclude Include="math\Matrix3.h">
      <Filter>math</Filter>
    </ClInclude>
    <ClInclude Include="math\Matrix4.h">
      <Filter>math</Filter>
    </ClInclude>
    <ClInclude Include="math\Quaternion.h">
      <Filter>math</Filter>
    </ClInclude>
    <ClInclude Include="math\Random.h">
      <Filter>math</Filter>
    </ClInclude>
    <ClInclude Include="math\Rect.h">
      <Filter>math</Filter>
    </ClInclude>
    <ClInclude Include="math\Vector2.h">
      <Filter>math</Filter>
    </ClInclude>
    <ClInclude Include="math\Vector3.h">
      <Filter>math</Filter>
    </ClInclude>
    <ClInclude Include="math\Vector4.h">
      <Filter>math</Filter>
    </ClInclude>
    <ClInclude Include="engine\input\InputBase.h">
      <Filter>engine\input</Filter>
    </ClInclude>
    <ClInclude Include="engine\directX\Buffer.h">
      <Filter>engine\directX</Filter>
    </ClInclude>
    <ClInclude Include="engine\directX\PipelineState.h">
      <Filter>engine\directX</Filter>
    </ClInclude>
    <ClInclude Include="engine\graphics\RenderTexture.h">
      <Filter>engine\graphics</Filter>
    </ClInclude>
    <ClInclude Include="engine\graphics\BlendMode.h">
      <Filter>engine\graphics</Filter>
    </ClInclude>
    <ClInclude Include="engine\graphics\Camera.h">
      <Filter>engine\graphics</Filter>
    </ClInclude>
    <ClInclude Include="engine\graphics\Light.h">
      <Filter>engine\graphics</Filter>
    </ClInclude>
    <ClInclude Include="engine\graphics\LineRenderer.h">
      <Filter>engine\graphics</Filter>
    </ClInclude>
    <ClInclude Include="engine\graphics\Model.h">
      <Filter>engine\graphics</Filter>
    </ClInclude>
    <ClInclude Include="engine\graphics\ModelBase.h">
      <Filter>engine\graphics</Filter>
    </ClInclude>
    <ClInclude Include="engine\graphics\ModelCamera.h">
      <Filter>engine\graphics</Filter>
    </ClInclude>
    <ClInclude Include="engine\graphics\PSOFlags.h">
      <Filter>engine\graphics</Filter>
    </ClInclude>
    <ClInclude Include="engine\graphics\Sprite.h">
      <Filter>engine\graphics</Filter>
    </ClInclude>
    <ClInclude Include="engine\graphics\SpriteBase.h">
      <Filter>engine\graphics</Filter>
    </ClInclude>
    <ClInclude Include="engine\graphics\Texture.h">
      <Filter>engine\graphics</Filter>
    </ClInclude>
    <ClInclude Include="engine\ImGuiWrapper.h">
      <Filter>engine</Filter>
    </ClInclude>
    <ClInclude Include="engine\Window.h">
      <Filter>engine</Filter>
    </ClInclude>
    <ClInclude Include="math\Transform.h">
      <Filter>math</Filter>
    </ClInclude>
    <ClInclude Include="game\Building.h">
      <Filter>game</Filter>
    </ClInclude>
    <ClInclude Include="game\CircleCollider.h">
      <Filter>game</Filter>
    </ClInclude>
    <ClInclude Include="game\Course.h">
      <Filter>game</Filter>
    </ClInclude>
    <ClInclude Include="game\CourseObj.h">
      <Filter>game</Filter>
    </ClInclude>
    <ClInclude Include="game\Enemy.h">
      <Filter>game</Filter>
    </ClInclude>
    <ClInclude Include="game\Game.h">
      <Filter>game</Filter>
    </ClInclude>
    <ClInclude Include="game\GameScene.h">
      <Filter>game</Filter>
    </ClInclude>
    <ClInclude Include="game\Player.h">
      <Filter>game</Filter>
    </ClInclude>
    <ClInclude Include="game\PlayerBullet.h">
      <Filter>game</Filter>
    </ClInclude>
    <ClInclude Include="engine\graphics\ResourceMgr.h">
      <Filter>engine\graphics</Filter>
    </ClInclude>
    <ClInclude Include="engine\scene\IScene.h">
      <Filter>engine\scene</Filter>
    </ClInclude>
  </ItemGroup>
  <ItemGroup>
    <Filter Include="engine">
      <UniqueIdentifier>{2470debf-5a24-4291-aba1-040116056d8b}</UniqueIdentifier>
    </Filter>
    <Filter Include="engine\directX">
      <UniqueIdentifier>{2cdc5cf5-e545-4717-b8b5-30adb49b20a5}</UniqueIdentifier>
    </Filter>
    <Filter Include="math">
      <UniqueIdentifier>{29627630-50a6-476d-b8d3-78feba55a7b2}</UniqueIdentifier>
    </Filter>
    <Filter Include="engine\input">
      <UniqueIdentifier>{39279560-d03b-4318-8aea-6df82c156ced}</UniqueIdentifier>
    </Filter>
    <Filter Include="shader">
      <UniqueIdentifier>{9fb62d5e-bcfb-4e5f-90b4-95e44965b204}</UniqueIdentifier>
    </Filter>
    <Filter Include="engine\graphics">
      <UniqueIdentifier>{3849d478-2c2b-4f3e-82bc-495ce87ddff4}</UniqueIdentifier>
    </Filter>
    <Filter Include="game">
      <UniqueIdentifier>{b66f7264-7ba4-41ed-ab9e-8287ce2a5e44}</UniqueIdentifier>
    </Filter>
    <Filter Include="engine\scene">
      <UniqueIdentifier>{b632900a-8cad-4566-a4a3-b16f3a153e10}</UniqueIdentifier>
    </Filter>
  </ItemGroup>
  <ItemGroup>
    <None Include="resources\shaders\CopyImage.hlsli">
      <Filter>shader</Filter>
    </None>
    <None Include="resources\shaders\Model.hlsli">
      <Filter>shader</Filter>
    </None>
    <None Include="resources\shaders\Primitive.hlsli">
      <Filter>shader</Filter>
    </None>
    <None Include="resources\shaders\Sprite.hlsli">
      <Filter>shader</Filter>
    </None>
  </ItemGroup>
  <ItemGroup>
    <FxCompile Include="resources\shaders\CathodeRayTubePS.hlsl">
      <Filter>shader</Filter>
    </FxCompile>
    <FxCompile Include="resources\shaders\CopyImagePS.hlsl">
      <Filter>shader</Filter>
    </FxCompile>
    <FxCompile Include="resources\shaders\CopyImageVS.hlsl">
      <Filter>shader</Filter>
    </FxCompile>
    <FxCompile Include="resources\shaders\ModelPS.hlsl">
      <Filter>shader</Filter>
    </FxCompile>
    <FxCompile Include="resources\shaders\ModelVS.hlsl">
      <Filter>shader</Filter>
    </FxCompile>
    <FxCompile Include="resources\shaders\NoTextureModelPS.hlsl">
      <Filter>shader</Filter>
    </FxCompile>
    <FxCompile Include="resources\shaders\PrimitivePS.hlsl">
      <Filter>shader</Filter>
    </FxCompile>
    <FxCompile Include="resources\shaders\PrimitiveVS.hlsl">
      <Filter>shader</Filter>
    </FxCompile>
    <FxCompile Include="resources\shaders\SkinModelVS.hlsl">
      <Filter>shader</Filter>
    </FxCompile>
    <FxCompile Include="resources\shaders\SpritePS.hlsl">
      <Filter>shader</Filter>
    </FxCompile>
    <FxCompile Include="resources\shaders\SpriteVS.hlsl">
      <Filter>shader</Filter>
    </FxCompile>
  </ItemGroup>
</Project>